<?xml version="1.0" encoding="utf-8"?>
<Project ToolsVersion="4.0" xmlns="http://schemas.microsoft.com/developer/msbuild/2003">
  <ItemGroup>
    <Filter Include="win32">
      <UniqueIdentifier>{84a8ebd7-7cf0-47f6-b75e-d441df67da40}</UniqueIdentifier>
    </Filter>
    <Filter Include="Classes">
      <UniqueIdentifier>{bb6c862e-70e9-49d9-81b7-3829a6f50471}</UniqueIdentifier>
    </Filter>
    <Filter Include="Classes\Framework">
      <UniqueIdentifier>{f36b4ae9-7d3c-47ff-8c01-c1feb431eff6}</UniqueIdentifier>
    </Filter>
    <Filter Include="Classes\Framework\b2">
      <UniqueIdentifier>{f723b69b-9260-468a-a7df-1b6c5d2fa8a7}</UniqueIdentifier>
    </Filter>
    <Filter Include="Classes\Framework\Common">
      <UniqueIdentifier>{5c02cf77-d9a1-4143-8167-d64e5a7c22ba}</UniqueIdentifier>
    </Filter>
  </ItemGroup>
  <ItemGroup>
    <ClCompile Include="main.cpp">
      <Filter>win32</Filter>
    </ClCompile>
    <ClCompile Include="..\Classes\AppDelegate.cpp">
      <Filter>Classes</Filter>
    </ClCompile>
    <ClCompile Include="..\Classes\Framework\b2\b2Layer.cpp">
      <Filter>Classes\Framework\b2</Filter>
    </ClCompile>
    <ClCompile Include="..\Classes\Framework\b2\GLES-Render.cpp">
      <Filter>Classes\Framework\b2</Filter>
    </ClCompile>
    <ClCompile Include="..\Classes\MainGame.cpp">
      <Filter>Classes</Filter>
    </ClCompile>
    <ClCompile Include="..\Classes\Framework\Layer.cpp">
      <Filter>Classes\Framework</Filter>
    </ClCompile>
    <ClCompile Include="..\Classes\Ball.cpp">
      <Filter>Classes</Filter>
    </ClCompile>
  </ItemGroup>
  <ItemGroup>
    <ClInclude Include="main.h">
      <Filter>win32</Filter>
    </ClInclude>
    <ClInclude Include="..\Classes\AppDelegate.h">
      <Filter>Classes</Filter>
    </ClInclude>
    <ClInclude Include="..\Classes\Framework\b2\b2Layer.h">
      <Filter>Classes\Framework\b2</Filter>
    </ClInclude>
    <ClInclude Include="..\Classes\Framework\b2\GLES-Render.h">
      <Filter>Classes\Framework\b2</Filter>
    </ClInclude>
    <ClInclude Include="..\Classes\MainGame.h">
      <Filter>Classes</Filter>
    </ClInclude>
    <ClInclude Include="..\Classes\Framework\Common\Constants.h">
      <Filter>Classes\Framework\Common</Filter>
    </ClInclude>
    <ClInclude Include="..\Classes\Framework\Layer.h">
      <Filter>Classes\Framework</Filter>
    </ClInclude>
    <ClInclude Include="..\Classes\Ball.h">
      <Filter>Classes</Filter>
    </ClInclude>
  </ItemGroup>
</Project>